<?xml version="1.0" encoding="utf-8"?>
<Project xmlns="http://schemas.microsoft.com/developer/msbuild/2003">
  <PropertyGroup>
    <ProjectGuid>{d1430758-21c2-4f6a-aefc-57742979bbbe}</ProjectGuid>
    <Configuration Condition=" '$(Configuration)' == '' ">Release</Configuration>
    <Platform Condition=" '$(Platform)' == '' ">AnyCPU</Platform>
    <DCC_DCCCompiler>DCC32</DCC_DCCCompiler>
    <DCC_DependencyCheckOutputName>DelphiPI.exe</DCC_DependencyCheckOutputName>
    <MainSource>DelphiPI.dpr</MainSource>
  </PropertyGroup>
  <PropertyGroup Condition=" '$(Configuration)|$(Platform)' == 'Release|AnyCPU' ">
    <Version>7.0</Version>
    <DCC_SymbolReferenceInfo>2</DCC_SymbolReferenceInfo>
    <DCC_Define>RELEASE</DCC_Define>
    <DCC_UnitSearchPath>$(BDS)\lib\Debug;$(BDS)\Lib\Debug\Indy10;C:\COMPON~1\Src\jcl\lib\d10\debug;;$(BDS)\Source\DUnit\src</DCC_UnitSearchPath>
    <DCC_ResourcePath>$(BDS)\lib\Debug;$(BDS)\Lib\Debug\Indy10;C:\COMPON~1\Src\jcl\lib\d10\debug;;$(BDS)\Source\DUnit\src</DCC_ResourcePath>
    <DCC_ObjPath>$(BDS)\lib\Debug;$(BDS)\Lib\Debug\Indy10;C:\COMPON~1\Src\jcl\lib\d10\debug;;$(BDS)\Source\DUnit\src</DCC_ObjPath>
    <DCC_IncludePath>$(BDS)\lib\Debug;$(BDS)\Lib\Debug\Indy10;C:\COMPON~1\Src\jcl\lib\d10\debug;;$(BDS)\Source\DUnit\src</DCC_IncludePath>
  </PropertyGroup>
  <PropertyGroup Condition=" '$(Configuration)|$(Platform)' == 'Debug|AnyCPU' ">
    <Version>7.0</Version>
    <DCC_Define>DEBUG</DCC_Define>
    <DCC_UnitSearchPath>$(BDS)\lib\Debug;$(BDS)\Lib\Debug\Indy10;C:\COMPON~1\Src\jcl\lib\d10\debug</DCC_UnitSearchPath>
    <DCC_ResourcePath>$(BDS)\lib\Debug;$(BDS)\Lib\Debug\Indy10;C:\COMPON~1\Src\jcl\lib\d10\debug</DCC_ResourcePath>
    <DCC_ObjPath>$(BDS)\lib\Debug;$(BDS)\Lib\Debug\Indy10;C:\COMPON~1\Src\jcl\lib\d10\debug</DCC_ObjPath>
    <DCC_IncludePath>$(BDS)\lib\Debug;$(BDS)\Lib\Debug\Indy10;C:\COMPON~1\Src\jcl\lib\d10\debug</DCC_IncludePath>
  </PropertyGroup>
  <ProjectExtensions>
    <Borland.Personality>Delphi.Personality</Borland.Personality>
    <Borland.ProjectType />
    <BorlandProject>
<BorlandProject><Delphi.Personality><Parameters><Parameters Name="UseLauncher">False</Parameters><Parameters Name="LoadAllSymbols">True</Parameters><Parameters Name="LoadUnspecifiedSymbols">False</Parameters><Parameters Name="RunParams">C:\Components\Src\DevExpress</Parameters></Parameters><VersionInfo><VersionInfo Name="IncludeVerInfo">True</VersionInfo><VersionInfo Name="AutoIncBuild">True</VersionInfo><VersionInfo Name="MajorVer">0</VersionInfo><VersionInfo Name="MinorVer">32</VersionInfo><VersionInfo Name="Release">0</VersionInfo><VersionInfo Name="Build">59</VersionInfo><VersionInfo Name="Debug">False</VersionInfo><VersionInfo Name="PreRelease">False</VersionInfo><VersionInfo Name="Special">False</VersionInfo><VersionInfo Name="Private">False</VersionInfo><VersionInfo Name="DLL">False</VersionInfo><VersionInfo Name="Locale">1055</VersionInfo><VersionInfo Name="CodePage">1254</VersionInfo></VersionInfo><VersionInfoKeys><VersionInfoKeys Name="CompanyName">thexpot.net</VersionInfoKeys><VersionInfoKeys Name="FileDescription">Delphi Package Installer</VersionInfoKeys><VersionInfoKeys Name="FileVersion">0.32.0.59</VersionInfoKeys><VersionInfoKeys Name="InternalName"></VersionInfoKeys><VersionInfoKeys Name="LegalCopyright"></VersionInfoKeys><VersionInfoKeys Name="LegalTrademarks"></VersionInfoKeys><VersionInfoKeys Name="OriginalFilename">delphipi.exe</VersionInfoKeys><VersionInfoKeys Name="ProductName"></VersionInfoKeys><VersionInfoKeys Name="ProductVersion">1.0.0.0</VersionInfoKeys><VersionInfoKeys Name="Comments"></VersionInfoKeys></VersionInfoKeys><Source><Source Name="MainSource">DelphiPI.dpr</Source></Source><Excluded_Packages /></Delphi.Personality><ModelSupport>True</ModelSupport></BorlandProject></BorlandProject>
  </ProjectExtensions>
  <Import Project="$(MSBuildBinPath)\Borland.Delphi.Targets" />
  <ItemGroup>
    <DelphiCompile Include="DelphiPI.dpr">
      <MainSource>MainSource</MainSource>
    </DelphiCompile>
    <DCCReference Include="CompilationData.pas" />
    <DCCReference Include="CompileInfo.pas" />
    <DCCReference Include="CompileThread.pas" />
    <DCCReference Include="ConsoleRunner.pas" />
    <DCCReference Include="FormAbout.pas">
      <Form>frmAbout</Form>
    </DCCReference>
    <DCCReference Include="FormWizard.pas">
      <Form>frmWizard</Form>
    </DCCReference>
    <DCCReference Include="libs\gnugettext.pas" />
    <DCCReference Include="libs\RegExpr.pas" />
    <DCCReference Include="PackageCompiler.pas" />
    <DCCReference Include="PackageInfo.pas" />
    <DCCReference Include="PageBase.pas">
      <Form>WizardPage</Form>
    </DCCReference>
    <DCCReference Include="PageInstallHelpFiles.pas">
      <Form>InstallHelpFilesPage</Form>
    </DCCReference>
    <DCCReference Include="PageProgress.pas">
      <Form>ProgressPage</Form>
    </DCCReference>
    <DCCReference Include="PageSelectDelphiInstallation.pas">
      <Form>SelectDelphiInstallationPage</Form>
    </DCCReference>
    <DCCReference Include="PageSelectFolders.pas">
      <Form>SelectFoldersPage</Form>
    </DCCReference>
    <DCCReference Include="PageShowPackageList.pas">
      <Form>ShowPackageListPage</Form>
    </DCCReference>
    <DCCReference Include="PageSummary.pas">
      <Form>SummaryPage</Form>
    </DCCReference>
    <DCCReference Include="ScriptPersister.pas" />
    <DCCReference Include="WizardIntfs.pas" />
    <None Include="DelphiPI.todo" />
    <None Include="ModelSupport_AutoInstaller\FormMain\default.txaPackage" />
    <None Include="ModelSupport_AutoInstaller\PackageDependency\default.txaPackage" />
    <None Include="ModelSupport_AutoInstaller\PackageDependency\default.txvpck" />
    <None Include="ModelSupport_AutoInstaller\PackageInfo\default.txaPackage" />
    <None Include="ModelSupport_AutoInstaller\PackageInfo\default.txvpck" />
    <None Include="ModelSupport_DelphiPI\CompilationData\default.txaPackage" />
    <None Include="ModelSupport_DelphiPI\CompilationData\default.txvpck" />
    <None Include="ModelSupport_DelphiPI\CompileInfo\default.txaPackage" />
    <None Include="ModelSupport_DelphiPI\CompileThread\default.txaPackage" />
    <None Include="ModelSupport_DelphiPI\CompileThread\default.txvpck" />
    <None Include="ModelSupport_DelphiPI\ConsoleRunner\default.txaPackage" />
    <None Include="ModelSupport_DelphiPI\default.txaPackage" />
    <None Include="ModelSupport_DelphiPI\default.txvpck" />
    <None Include="ModelSupport_DelphiPI\FormAbout\default.txaPackage" />
    <None Include="ModelSupport_DelphiPI\FormAbout\default.txvpck" />
    <None Include="ModelSupport_DelphiPI\FormMain\default.txaPackage" />
    <None Include="ModelSupport_DelphiPI\FormMain\default.txvpck" />
    <None Include="ModelSupport_DelphiPI\FormOptions\default.txaPackage" />
    <None Include="ModelSupport_DelphiPI\FormWizard\default.txaPackage" />
    <None Include="ModelSupport_DelphiPI\FormWizard\default.txvpck" />
    <None Include="ModelSupport_DelphiPI\gnugettext\default.txaPackage" />
    <None Include="ModelSupport_DelphiPI\IWizard\default.txaPackage" />
    <None Include="ModelSupport_DelphiPI\IWizard\default.txvpck" />
    <None Include="ModelSupport_DelphiPI\PackageCompiler\default.txaPackage" />
    <None Include="ModelSupport_DelphiPI\PackageInfo\default.txaPackage" />
    <None Include="ModelSupport_DelphiPI\PackageInfo\default.txvpck" />
    <None Include="ModelSupport_DelphiPI\PageBase\default.txaPackage" />
    <None Include="ModelSupport_DelphiPI\PageBase\default.txvpck" />
    <None Include="ModelSupport_DelphiPI\PageFinished\default.txaPackage" />
    <None Include="ModelSupport_DelphiPI\PageInstallHelpFiles\default.txaPackage" />
    <None Include="ModelSupport_DelphiPI\PageInstallHelpFiles\default.txvpck" />
    <None Include="ModelSupport_DelphiPI\PageProgress\default.txaPackage" />
    <None Include="ModelSupport_DelphiPI\PageProgress\default.txvpck" />
    <None Include="ModelSupport_DelphiPI\PageSelectDelphiInstallation\default.txaPackage" />
    <None Include="ModelSupport_DelphiPI\PageSelectDelphiInstallation\default.txvpck" />
    <None Include="ModelSupport_DelphiPI\PageSelectFolders\default.txaPackage" />
    <None Include="ModelSupport_DelphiPI\PageSelectFolders\default.txvpck" />
    <None Include="ModelSupport_DelphiPI\PageShowPackageList\default.txaPackage" />
    <None Include="ModelSupport_DelphiPI\PageShowPackageList\default.txvpck" />
    <None Include="ModelSupport_DelphiPI\RegExpr\default.txaPackage" />
    <None Include="ModelSupport_DelphiPI\ScriptPersister\default.txaPackage" />
    <None Include="ModelSupport_DelphiPI\Unit1\default.txaPackage" />
    <None Include="ModelSupport_DelphiPI\Unit1\default.txvpck" />
    <None Include="ModelSupport_DelphiPI\WizardData\default.txaPackage" />
    <None Include="ModelSupport_DelphiPI\WizardData\default.txvpck" />
    <None Include="ModelSupport_DelphiPI\WizardIntfs\default.txaPackage" />
    <None Include="ModelSupport_DelphiPI\WizardIntfs\default.txvpck" />
  </ItemGroup>
</Project>