	<Project xmlns="http://schemas.microsoft.com/developer/msbuild/2003">
		<PropertyGroup>
			<ProjectGuid>{d1430758-21c2-4f6a-aefc-57742979bbbe}</ProjectGuid>
			<Configuration Condition=" '$(Configuration)' == '' ">Release</Configuration>
			<Platform Condition=" '$(Platform)' == '' ">AnyCPU</Platform>
			<DCC_DCCCompiler>DCC32</DCC_DCCCompiler>
			<DCC_DependencyCheckOutputName>DelphiPI.exe</DCC_DependencyCheckOutputName>
			<MainSource>DelphiPI.dpr</MainSource>
			<ProjectVersion>12.0</ProjectVersion>
			<Config Condition="'$(Config)'==''">Release</Config>
		</PropertyGroup>
		<PropertyGroup Condition="'$(Config)'=='Base' or '$(Base)'!=''">
			<Base>true</Base>
		</PropertyGroup>
		<PropertyGroup Condition="'$(Config)'=='Release' or '$(Cfg_1)'!=''">
			<Cfg_1>true</Cfg_1>
			<CfgParent>Base</CfgParent>
			<Base>true</Base>
		</PropertyGroup>
		<PropertyGroup Condition="'$(Config)'=='Debug' or '$(Cfg_2)'!=''">
			<Cfg_2>true</Cfg_2>
			<CfgParent>Base</CfgParent>
			<Base>true</Base>
		</PropertyGroup>
		<PropertyGroup Condition="'$(Base)'!=''">
			<DCC_UsePackage>vcl;rtl;vclx;vclimg;vclactnband;dbrtl;vcldb;vcldbx;bdertl;vcltouch;xmlrtl;dsnap;dsnapcon;vclib;ibxpress;adortl;IndyCore;IndySystem;IndyProtocols;inet;VclSmp;vclie;websnap;webdsnap;inetdb;inetdbbde;inetdbxpress;soaprtl;vclribbon;dbexpress;DbxCommonDriver;DataSnapIndy10ServerTransport;DataSnapProviderClient;DbxClientDriver;DataSnapServer;DBXInterBaseDriver;DBXMySQLDriver;dbxcds;DBXFirebirdDriver;DBXSybaseASEDriver;DBXSybaseASADriver;DBXOracleDriver;DBXMSSQLDriver;DBXInformixDriver;DBXDb2Driver;Jcl;VirtualTreesD12</DCC_UsePackage>
			<BRCC_Defines>UNICODE;$(BRCC_Defines)</BRCC_Defines>
			<DCC_DebugDCUs>true</DCC_DebugDCUs>
			<DCC_DependencyCheckOutputName>DelphiPI.exe</DCC_DependencyCheckOutputName>
		</PropertyGroup>
		<PropertyGroup Condition="'$(Cfg_1)'!=''">
			<Version>7.0</Version>
			<DCC_SymbolReferenceInfo>0</DCC_SymbolReferenceInfo>
			<DCC_Define>RELEASE;$(DCC_Define)</DCC_Define>
			<DCC_UnitSearchPath>$(BDS)\Source\DUnit\src;$(DCC_UnitSearchPath)</DCC_UnitSearchPath>
			<DCC_ResourcePath>$(BDS)\Source\DUnit\src;$(DCC_ResourcePath)</DCC_ResourcePath>
			<DCC_ObjPath>$(BDS)\Source\DUnit\src;$(DCC_ObjPath)</DCC_ObjPath>
			<DCC_IncludePath>$(BDS)\Source\DUnit\src;$(DCC_IncludePath)</DCC_IncludePath>
			<DCC_Optimize>False</DCC_Optimize>
			<DCC_AssertionsAtRuntime>False</DCC_AssertionsAtRuntime>
			<DCC_DebugInformation>False</DCC_DebugInformation>
			<DCC_LocalDebugSymbols>False</DCC_LocalDebugSymbols>
		</PropertyGroup>
		<PropertyGroup Condition="'$(Cfg_2)'!=''">
			<Version>7.0</Version>
			<DCC_Define>DEBUG;$(DCC_Define)</DCC_Define>
			<DCC_UnitSearchPath>$(BDS)\lib\Debug;$(BDS)\Lib\Debug\Indy10;C:\COMPON~1\Src\jcl\lib\d10\debug;$(DCC_UnitSearchPath)</DCC_UnitSearchPath>
			<DCC_ResourcePath>$(BDS)\lib\Debug;$(BDS)\Lib\Debug\Indy10;C:\COMPON~1\Src\jcl\lib\d10\debug;$(DCC_ResourcePath)</DCC_ResourcePath>
			<DCC_ObjPath>$(BDS)\lib\Debug;$(BDS)\Lib\Debug\Indy10;C:\COMPON~1\Src\jcl\lib\d10\debug;$(DCC_ObjPath)</DCC_ObjPath>
			<DCC_IncludePath>$(BDS)\lib\Debug;$(BDS)\Lib\Debug\Indy10;C:\COMPON~1\Src\jcl\lib\d10\debug;$(DCC_IncludePath)</DCC_IncludePath>
			<DCC_Optimize>False</DCC_Optimize>
		</PropertyGroup>
		<ItemGroup>
			<DelphiCompile Include="DelphiPI.dpr">
				<MainSource>MainSource</MainSource>
			</DelphiCompile>
			<DCCReference Include="PackageInfo.pas"/>
			<DCCReference Include="FormAbout.pas">
				<Form>frmAbout</Form>
			</DCCReference>
			<DCCReference Include="PackageCompiler.pas"/>
			<DCCReference Include="FormWizard.pas">
				<Form>frmWizard</Form>
			</DCCReference>
			<DCCReference Include="PageBase.pas">
				<Form>WizardPage</Form>
			</DCCReference>
			<DCCReference Include="PageSelectFolders.pas">
				<Form>SelectFoldersPage</Form>
			</DCCReference>
			<DCCReference Include="PageProgress.pas">
				<Form>ProgressPage</Form>
			</DCCReference>
			<DCCReference Include="WizardIntfs.pas"/>
			<DCCReference Include="PageShowPackageList.pas">
				<Form>ShowPackageListPage</Form>
			</DCCReference>
			<DCCReference Include="PageInstallHelpFiles.pas">
				<Form>InstallHelpFilesPage</Form>
			</DCCReference>
			<DCCReference Include="PageSummary.pas">
				<Form>SummaryPage</Form>
			</DCCReference>
			<DCCReference Include="CompileThread.pas"/>
			<DCCReference Include="CompilationData.pas"/>
			<DCCReference Include="ScriptPersister.pas"/>
			<DCCReference Include="libs\gnugettext.pas"/>
			<DCCReference Include="Utils.pas"/>
			<DCCReference Include="PackageInfoFactory.pas"/>
			<DCCReference Include="PackageList.pas"/>
			<DCCReference Include="PackageDependencyVerifier.pas"/>
			<DCCReference Include="ProgressMonitor.pas"/>
			<DCCReference Include="MonitoredPackageCompiler.pas"/>
			<DCCReference Include="PageCompilerOptions.pas">
				<Form>SelectCompilerOptions</Form>
			</DCCReference>
			<DCCReference Include="InstalledPackageResolver.pas"/>
			<DCCReference Include="TreeModel.pas"/>
			<DCCReference Include="ListViewModel.pas"/>
			<DCCReference Include="TreeViewModel.pas"/>
			<DCCReference Include="TreeNodes.pas"/>
			<DCCReference Include="PackageLoadThread.pas"/>
			<DCCReference Include="DelphiVersionTreeViewModel.pas"/>
			<None Include="DelphiPI.todo"/>
			<None Include="ModelSupport_AutoInstaller\FormMain\default.txaPackage"/>
			<None Include="ModelSupport_AutoInstaller\PackageDependency\default.txaPackage"/>
			<None Include="ModelSupport_AutoInstaller\PackageDependency\default.txvpck"/>
			<None Include="ModelSupport_AutoInstaller\PackageInfo\default.txaPackage"/>
			<None Include="ModelSupport_AutoInstaller\PackageInfo\default.txvpck"/>
			<None Include="ModelSupport_DelphiPI\CompilationData\default.txaPackage"/>
			<None Include="ModelSupport_DelphiPI\CompilationData\default.txvpck"/>
			<None Include="ModelSupport_DelphiPI\CompileInfo\default.txaPackage"/>
			<None Include="ModelSupport_DelphiPI\CompileThread\default.txaPackage"/>
			<None Include="ModelSupport_DelphiPI\CompileThread\default.txvpck"/>
			<None Include="ModelSupport_DelphiPI\ConsoleRunner\default.txaPackage"/>
			<None Include="ModelSupport_DelphiPI\default.txaPackage"/>
			<None Include="ModelSupport_DelphiPI\default.txvpck"/>
			<None Include="ModelSupport_DelphiPI\FormAbout\default.txaPackage"/>
			<None Include="ModelSupport_DelphiPI\FormAbout\default.txvpck"/>
			<None Include="ModelSupport_DelphiPI\FormMain\default.txaPackage"/>
			<None Include="ModelSupport_DelphiPI\FormMain\default.txvpck"/>
			<None Include="ModelSupport_DelphiPI\FormOptions\default.txaPackage"/>
			<None Include="ModelSupport_DelphiPI\FormWizard\default.txaPackage"/>
			<None Include="ModelSupport_DelphiPI\FormWizard\default.txvpck"/>
			<None Include="ModelSupport_DelphiPI\gnugettext\default.txaPackage"/>
			<None Include="ModelSupport_DelphiPI\IWizard\default.txaPackage"/>
			<None Include="ModelSupport_DelphiPI\IWizard\default.txvpck"/>
			<None Include="ModelSupport_DelphiPI\PackageCompiler\default.txaPackage"/>
			<None Include="ModelSupport_DelphiPI\PackageInfo\default.txaPackage"/>
			<None Include="ModelSupport_DelphiPI\PackageInfo\default.txvpck"/>
			<None Include="ModelSupport_DelphiPI\PageBase\default.txaPackage"/>
			<None Include="ModelSupport_DelphiPI\PageBase\default.txvpck"/>
			<None Include="ModelSupport_DelphiPI\PageFinished\default.txaPackage"/>
			<None Include="ModelSupport_DelphiPI\PageInstallHelpFiles\default.txaPackage"/>
			<None Include="ModelSupport_DelphiPI\PageInstallHelpFiles\default.txvpck"/>
			<None Include="ModelSupport_DelphiPI\PageProgress\default.txaPackage"/>
			<None Include="ModelSupport_DelphiPI\PageProgress\default.txvpck"/>
			<None Include="ModelSupport_DelphiPI\PageSelectDelphiInstallation\default.txaPackage"/>
			<None Include="ModelSupport_DelphiPI\PageSelectDelphiInstallation\default.txvpck"/>
			<None Include="ModelSupport_DelphiPI\PageSelectFolders\default.txaPackage"/>
			<None Include="ModelSupport_DelphiPI\PageSelectFolders\default.txvpck"/>
			<None Include="ModelSupport_DelphiPI\PageShowPackageList\default.txaPackage"/>
			<None Include="ModelSupport_DelphiPI\PageShowPackageList\default.txvpck"/>
			<None Include="ModelSupport_DelphiPI\RegExpr\default.txaPackage"/>
			<None Include="ModelSupport_DelphiPI\ScriptPersister\default.txaPackage"/>
			<None Include="ModelSupport_DelphiPI\Unit1\default.txaPackage"/>
			<None Include="ModelSupport_DelphiPI\Unit1\default.txvpck"/>
			<None Include="ModelSupport_DelphiPI\WizardData\default.txaPackage"/>
			<None Include="ModelSupport_DelphiPI\WizardData\default.txvpck"/>
			<None Include="ModelSupport_DelphiPI\WizardIntfs\default.txaPackage"/>
			<None Include="ModelSupport_DelphiPI\WizardIntfs\default.txvpck"/>
			<None Include="ModelSupport_DelphiPI\ScriptPersister\default.txvpck"/>
			<None Include="ModelSupport_DelphiPI\PackageCompiler\default.txvpck"/>
			<None Include="ModelSupport_DelphiPI\PageSummary\default.txaPackage"/>
			<None Include="ModelSupport_DelphiPI\Utils\default.txaPackage"/>
			<None Include="ModelSupport_DelphiPI\Command\default.txaPackage"/>
			<None Include="ModelSupport_DelphiPI\PackageList\default.txaPackage"/>
			<None Include="ModelSupport_DelphiPI\PackageInfoFactory\default.txaPackage"/>
			<None Include="ModelSupport_DelphiPI\CommandResolveSourcePaths\default.txaPackage"/>
			<None Include="ModelSupport_DelphiPI\Command\default.txvpck"/>
			<None Include="ModelSupport_DelphiPI\PackageDependencyVerifier\default.txvpck"/>
			<None Include="ModelSupport_DelphiPI\PageSummary\default.txvpck"/>
			<None Include="ModelSupport_DelphiPI\Utils\default.txvpck"/>
			<None Include="ModelSupport_DelphiPI\PackageDependencyVerifier\default.txaPackage"/>
			<None Include="ModelSupport_DelphiPI\ProgressMonitor\default.txaPackage"/>
			<None Include="ModelSupport_DelphiPI\ProgressMonitor\default.txvpck"/>
			<None Include="ModelSupport_DelphiPI\MonitoredPackageCompiler\default.txaPackage"/>
			<None Include="ModelSupport_DelphiPI\MonitoredPackageCompiler\default.txvpck"/>
			<None Include="ModelSupport_DelphiPI\ConsoleRunner\default.txvpck"/>
			<None Include="ModelSupport_DelphiPI\gnugettext\default.txvpck"/>
			<None Include="ModelSupport_DelphiPI\PackageList\default.txvpck"/>
			<None Include="ModelSupport_DelphiPI\PageCompilerOptions\default.txvpck"/>
			<None Include="ModelSupport_DelphiPI\VirtualTreeHelper\default.txvpck"/>
			<None Include="ModelSupport_DelphiPI\InstalledPackageResolver\default.txaPackage"/>
			<None Include="ModelSupport_DelphiPI\VirtualTreeHelper\default.txaPackage"/>
			<None Include="ModelSupport_DelphiPI\PageCompilerOptions\default.txaPackage"/>
			<None Include="ModelSupport_DelphiPI\TreeModel\default.txaPackage"/>
			<None Include="ModelSupport_DelphiPI\TreeNodes\default.txaPackage"/>
			<BuildConfiguration Include="Base">
				<Key>Base</Key>
			</BuildConfiguration>
			<BuildConfiguration Include="Debug">
				<Key>Cfg_2</Key>
				<CfgParent>Base</CfgParent>
			</BuildConfiguration>
			<BuildConfiguration Include="Release">
				<Key>Cfg_1</Key>
				<CfgParent>Base</CfgParent>
			</BuildConfiguration>
		</ItemGroup>
		<Import Project="$(BDS)\Bin\CodeGear.Delphi.Targets" Condition="Exists('$(BDS)\Bin\CodeGear.Delphi.Targets')"/>
		<ProjectExtensions>
			<Borland.Personality>Delphi.Personality.12</Borland.Personality>
			<Borland.ProjectType/>
			<BorlandProject>
				<Delphi.Personality>
					<Parameters>
						<Parameters Name="UseLauncher">False</Parameters>
						<Parameters Name="LoadAllSymbols">True</Parameters>
						<Parameters Name="LoadUnspecifiedSymbols">False</Parameters>
						<Parameters Name="RunParams">C:\Components\DevExpress</Parameters>
					</Parameters>
					<VersionInfo>
						<VersionInfo Name="IncludeVerInfo">True</VersionInfo>
						<VersionInfo Name="AutoIncBuild">True</VersionInfo>
						<VersionInfo Name="MajorVer">0</VersionInfo>
						<VersionInfo Name="MinorVer">56</VersionInfo>
						<VersionInfo Name="Release">0</VersionInfo>
						<VersionInfo Name="Build">521</VersionInfo>
						<VersionInfo Name="Debug">False</VersionInfo>
						<VersionInfo Name="PreRelease">False</VersionInfo>
						<VersionInfo Name="Special">False</VersionInfo>
						<VersionInfo Name="Private">False</VersionInfo>
						<VersionInfo Name="DLL">False</VersionInfo>
						<VersionInfo Name="Locale">1033</VersionInfo>
						<VersionInfo Name="CodePage">1252</VersionInfo>
					</VersionInfo>
					<VersionInfoKeys>
						<VersionInfoKeys Name="CompanyName">thexpot.net</VersionInfoKeys>
						<VersionInfoKeys Name="FileDescription">Delphi Package Installer</VersionInfoKeys>
						<VersionInfoKeys Name="FileVersion">0.56.0.521</VersionInfoKeys>
						<VersionInfoKeys Name="InternalName">Josephine</VersionInfoKeys>
						<VersionInfoKeys Name="LegalCopyright"/>
						<VersionInfoKeys Name="LegalTrademarks"/>
						<VersionInfoKeys Name="OriginalFilename">delphipi.exe</VersionInfoKeys>
						<VersionInfoKeys Name="ProductName"/>
						<VersionInfoKeys Name="ProductVersion">1.0.0.0</VersionInfoKeys>
						<VersionInfoKeys Name="Comments"/>
					</VersionInfoKeys>
					<Source>
						<Source Name="MainSource">DelphiPI.dpr</Source>
					</Source>
					<Excluded_Packages>
						<Excluded_Packages Name="$(BDS)\bin\dcltee8140.bpl">TeeChart Standard 8 Components</Excluded_Packages>
						<Excluded_Packages Name="$(BDS)\bin\dclIntraweb_100_140.bpl">VCL for the Web 10.0  Design Package for CodeGear RAD Studio</Excluded_Packages>
						<Excluded_Packages Name="$(BDS)\bin\dcloffice2k140.bpl">Microsoft Office 2000 Sample Automation Server Wrapper Components</Excluded_Packages>
						<Excluded_Packages Name="$(BDS)\bin\dclofficexp140.bpl">Microsoft Office XP Sample Automation Server Wrapper Components</Excluded_Packages>
					</Excluded_Packages>
				</Delphi.Personality>
				<ModelSupport>True</ModelSupport>
			</BorlandProject>
			<ProjectFileVersion>12</ProjectFileVersion>
		</ProjectExtensions>
	</Project>
